// !$*UTF8*$!
{
	archiveVersion = 1;
	classes = {
	};
	objectVersion = 46;
	objects = {

/* Begin PBXBuildFile section */
		7E5D4E4819E30983007E0E88 /* AppDelegate.swift in Sources */ = {isa = PBXBuildFile; fileRef = 7E5D4E4719E30983007E0E88 /* AppDelegate.swift */; };
		7E5D4E4B19E30983007E0E88 /* TwitterClone.xcdatamodeld in Sources */ = {isa = PBXBuildFile; fileRef = 7E5D4E4919E30983007E0E88 /* TwitterClone.xcdatamodeld */; };
		7E5D4E5019E30983007E0E88 /* Main.storyboard in Resources */ = {isa = PBXBuildFile; fileRef = 7E5D4E4E19E30983007E0E88 /* Main.storyboard */; };
		7E5D4E5219E30983007E0E88 /* Images.xcassets in Resources */ = {isa = PBXBuildFile; fileRef = 7E5D4E5119E30983007E0E88 /* Images.xcassets */; };
		7E5D4E5519E30983007E0E88 /* LaunchScreen.xib in Resources */ = {isa = PBXBuildFile; fileRef = 7E5D4E5319E30983007E0E88 /* LaunchScreen.xib */; };
		7E5D4E6119E30983007E0E88 /* TwitterCloneTests.swift in Sources */ = {isa = PBXBuildFile; fileRef = 7E5D4E6019E30983007E0E88 /* TwitterCloneTests.swift */; };
		7E5D4E6E19E309EC007E0E88 /* HomeTimeLineViewController.swift in Sources */ = {isa = PBXBuildFile; fileRef = 7E5D4E6D19E309EC007E0E88 /* HomeTimeLineViewController.swift */; };
		7E5D4E7019E3135F007E0E88 /* Tweet.swift in Sources */ = {isa = PBXBuildFile; fileRef = 7E5D4E6F19E3135F007E0E88 /* Tweet.swift */; };
		7E5D4E7219E32E25007E0E88 /* tweet.json in Resources */ = {isa = PBXBuildFile; fileRef = 7E5D4E7119E32E25007E0E88 /* tweet.json */; };
		7E5D4E7419E33572007E0E88 /* 286.jpg in Resources */ = {isa = PBXBuildFile; fileRef = 7E5D4E7319E33572007E0E88 /* 286.jpg */; };
		7E5D4E7619E33F00007E0E88 /* TimeLineTweetCell.swift in Sources */ = {isa = PBXBuildFile; fileRef = 7E5D4E7519E33F00007E0E88 /* TimeLineTweetCell.swift */; };
/* End PBXBuildFile section */

/* Begin PBXContainerItemProxy section */
		7E5D4E5B19E30983007E0E88 /* PBXContainerItemProxy */ = {
			isa = PBXContainerItemProxy;
			containerPortal = 7E5D4E3A19E30982007E0E88 /* Project object */;
			proxyType = 1;
			remoteGlobalIDString = 7E5D4E4119E30983007E0E88;
			remoteInfo = TwitterClone;
		};
/* End PBXContainerItemProxy section */

/* Begin PBXFileReference section */
		7E5D4E4219E30983007E0E88 /* TwitterClone.app */ = {isa = PBXFileReference; explicitFileType = wrapper.application; includeInIndex = 0; path = TwitterClone.app; sourceTree = BUILT_PRODUCTS_DIR; };
		7E5D4E4619E30983007E0E88 /* Info.plist */ = {isa = PBXFileReference; lastKnownFileType = text.plist.xml; path = Info.plist; sourceTree = "<group>"; };
		7E5D4E4719E30983007E0E88 /* AppDelegate.swift */ = {isa = PBXFileReference; lastKnownFileType = sourcecode.swift; path = AppDelegate.swift; sourceTree = "<group>"; };
		7E5D4E4A19E30983007E0E88 /* TwitterClone.xcdatamodel */ = {isa = PBXFileReference; lastKnownFileType = wrapper.xcdatamodel; path = TwitterClone.xcdatamodel; sourceTree = "<group>"; };
		7E5D4E4F19E30983007E0E88 /* Base */ = {isa = PBXFileReference; lastKnownFileType = file.storyboard; name = Base; path = Base.lproj/Main.storyboard; sourceTree = "<group>"; };
		7E5D4E5119E30983007E0E88 /* Images.xcassets */ = {isa = PBXFileReference; lastKnownFileType = folder.assetcatalog; path = Images.xcassets; sourceTree = "<group>"; };
		7E5D4E5419E30983007E0E88 /* Base */ = {isa = PBXFileReference; lastKnownFileType = file.xib; name = Base; path = Base.lproj/LaunchScreen.xib; sourceTree = "<group>"; };
		7E5D4E5A19E30983007E0E88 /* TwitterCloneTests.xctest */ = {isa = PBXFileReference; explicitFileType = wrapper.cfbundle; includeInIndex = 0; path = TwitterCloneTests.xctest; sourceTree = BUILT_PRODUCTS_DIR; };
		7E5D4E5F19E30983007E0E88 /* Info.plist */ = {isa = PBXFileReference; lastKnownFileType = text.plist.xml; path = Info.plist; sourceTree = "<group>"; };
		7E5D4E6019E30983007E0E88 /* TwitterCloneTests.swift */ = {isa = PBXFileReference; lastKnownFileType = sourcecode.swift; path = TwitterCloneTests.swift; sourceTree = "<group>"; };
		7E5D4E6D19E309EC007E0E88 /* HomeTimeLineViewController.swift */ = {isa = PBXFileReference; fileEncoding = 4; lastKnownFileType = sourcecode.swift; name = HomeTimeLineViewController.swift; path = ../HomeTimeLineViewController.swift; sourceTree = "<group>"; };
		7E5D4E6F19E3135F007E0E88 /* Tweet.swift */ = {isa = PBXFileReference; fileEncoding = 4; lastKnownFileType = sourcecode.swift; path = Tweet.swift; sourceTree = "<group>"; };
		7E5D4E7119E32E25007E0E88 /* tweet.json */ = {isa = PBXFileReference; fileEncoding = 4; lastKnownFileType = text.json; path = tweet.json; sourceTree = "<group>"; };
		7E5D4E7319E33572007E0E88 /* 286.jpg */ = {isa = PBXFileReference; lastKnownFileType = image.jpeg; path = 286.jpg; sourceTree = "<group>"; };
		7E5D4E7519E33F00007E0E88 /* TimeLineTweetCell.swift */ = {isa = PBXFileReference; fileEncoding = 4; lastKnownFileType = sourcecode.swift; path = TimeLineTweetCell.swift; sourceTree = "<group>"; };
/* End PBXFileReference section */

/* Begin PBXFrameworksBuildPhase section */
		7E5D4E3F19E30983007E0E88 /* Frameworks */ = {
			isa = PBXFrameworksBuildPhase;
			buildActionMask = 2147483647;
			files = (
			);
			runOnlyForDeploymentPostprocessing = 0;
		};
		7E5D4E5719E30983007E0E88 /* Frameworks */ = {
			isa = PBXFrameworksBuildPhase;
			buildActionMask = 2147483647;
			files = (
			);
			runOnlyForDeploymentPostprocessing = 0;
		};
/* End PBXFrameworksBuildPhase section */

/* Begin PBXGroup section */
		7E5D4E3919E30982007E0E88 = {
			isa = PBXGroup;
			children = (
				7E5D4E4419E30983007E0E88 /* TwitterClone */,
				7E5D4E5D19E30983007E0E88 /* TwitterCloneTests */,
				7E5D4E4319E30983007E0E88 /* Products */,
			);
			sourceTree = "<group>";
		};
		7E5D4E4319E30983007E0E88 /* Products */ = {
			isa = PBXGroup;
			children = (
				7E5D4E4219E30983007E0E88 /* TwitterClone.app */,
				7E5D4E5A19E30983007E0E88 /* TwitterCloneTests.xctest */,
			);
			name = Products;
			sourceTree = "<group>";
		};
		7E5D4E4419E30983007E0E88 /* TwitterClone */ = {
			isa = PBXGroup;
			children = (
				7E5D4E4719E30983007E0E88 /* AppDelegate.swift */,
				7E5D4E6C19E309AD007E0E88 /* Controller Layer */,
				7E5D4E6B19E309A5007E0E88 /* View Layer */,
				7E5D4E6A19E30992007E0E88 /* Model Layer */,
				7E5D4E4E19E30983007E0E88 /* Main.storyboard */,
				7E5D4E5119E30983007E0E88 /* Images.xcassets */,
				7E5D4E5319E30983007E0E88 /* LaunchScreen.xib */,
				7E5D4E4919E30983007E0E88 /* TwitterClone.xcdatamodeld */,
				7E5D4E4519E30983007E0E88 /* Supporting Files */,
			);
			path = TwitterClone;
			sourceTree = "<group>";
		};
		7E5D4E4519E30983007E0E88 /* Supporting Files */ = {
			isa = PBXGroup;
			children = (
				7E5D4E7319E33572007E0E88 /* 286.jpg */,
				7E5D4E4619E30983007E0E88 /* Info.plist */,
			);
			name = "Supporting Files";
			sourceTree = "<group>";
		};
		7E5D4E5D19E30983007E0E88 /* TwitterCloneTests */ = {
			isa = PBXGroup;
			children = (
				7E5D4E6019E30983007E0E88 /* TwitterCloneTests.swift */,
				7E5D4E5E19E30983007E0E88 /* Supporting Files */,
			);
			path = TwitterCloneTests;
			sourceTree = "<group>";
		};
		7E5D4E5E19E30983007E0E88 /* Supporting Files */ = {
			isa = PBXGroup;
			children = (
				7E5D4E5F19E30983007E0E88 /* Info.plist */,
			);
			name = "Supporting Files";
			sourceTree = "<group>";
		};
		7E5D4E6A19E30992007E0E88 /* Model Layer */ = {
			isa = PBXGroup;
			children = (
				7E5D4E7119E32E25007E0E88 /* tweet.json */,
				7E5D4E6F19E3135F007E0E88 /* Tweet.swift */,
			);
			name = "Model Layer";
			sourceTree = "<group>";
		};
		7E5D4E6B19E309A5007E0E88 /* View Layer */ = {
			isa = PBXGroup;
			children = (
				7E5D4E7519E33F00007E0E88 /* TimeLineTweetCell.swift */,
			);
			name = "View Layer";
			sourceTree = "<group>";
		};
		7E5D4E6C19E309AD007E0E88 /* Controller Layer */ = {
			isa = PBXGroup;
			children = (
				7E5D4E6D19E309EC007E0E88 /* HomeTimeLineViewController.swift */,
			);
			name = "Controller Layer";
			sourceTree = "<group>";
		};
/* End PBXGroup section */

/* Begin PBXNativeTarget section */
		7E5D4E4119E30983007E0E88 /* TwitterClone */ = {
			isa = PBXNativeTarget;
			buildConfigurationList = 7E5D4E6419E30983007E0E88 /* Build configuration list for PBXNativeTarget "TwitterClone" */;
			buildPhases = (
				7E5D4E3E19E30983007E0E88 /* Sources */,
				7E5D4E3F19E30983007E0E88 /* Frameworks */,
				7E5D4E4019E30983007E0E88 /* Resources */,
			);
			buildRules = (
			);
			dependencies = (
			);
			name = TwitterClone;
			productName = TwitterClone;
			productReference = 7E5D4E4219E30983007E0E88 /* TwitterClone.app */;
			productType = "com.apple.product-type.application";
		};
		7E5D4E5919E30983007E0E88 /* TwitterCloneTests */ = {
			isa = PBXNativeTarget;
			buildConfigurationList = 7E5D4E6719E30983007E0E88 /* Build configuration list for PBXNativeTarget "TwitterCloneTests" */;
			buildPhases = (
				7E5D4E5619E30983007E0E88 /* Sources */,
				7E5D4E5719E30983007E0E88 /* Frameworks */,
				7E5D4E5819E30983007E0E88 /* Resources */,
			);
			buildRules = (
			);
			dependencies = (
				7E5D4E5C19E30983007E0E88 /* PBXTargetDependency */,
			);
			name = TwitterCloneTests;
			productName = TwitterCloneTests;
			productReference = 7E5D4E5A19E30983007E0E88 /* TwitterCloneTests.xctest */;
			productType = "com.apple.product-type.bundle.unit-test";
		};
/* End PBXNativeTarget section */

/* Begin PBXProject section */
		7E5D4E3A19E30982007E0E88 /* Project object */ = {
			isa = PBXProject;
			attributes = {
				LastUpgradeCheck = 0600;
				ORGANIZATIONNAME = "Cameron Klein";
				TargetAttributes = {
					7E5D4E4119E30983007E0E88 = {
						CreatedOnToolsVersion = 6.0;
					};
					7E5D4E5919E30983007E0E88 = {
						CreatedOnToolsVersion = 6.0;
						TestTargetID = 7E5D4E4119E30983007E0E88;
					};
				};
			};
			buildConfigurationList = 7E5D4E3D19E30982007E0E88 /* Build configuration list for PBXProject "TwitterClone" */;
			compatibilityVersion = "Xcode 3.2";
			developmentRegion = English;
			hasScannedForEncodings = 0;
			knownRegions = (
				en,
				Base,
			);
			mainGroup = 7E5D4E3919E30982007E0E88;
			productRefGroup = 7E5D4E4319E30983007E0E88 /* Products */;
			projectDirPath = "";
			projectRoot = "";
			targets = (
				7E5D4E4119E30983007E0E88 /* TwitterClone */,
				7E5D4E5919E30983007E0E88 /* TwitterCloneTests */,
			);
		};
/* End PBXProject section */

/* Begin PBXResourcesBuildPhase section */
		7E5D4E4019E30983007E0E88 /* Resources */ = {
			isa = PBXResourcesBuildPhase;
			buildActionMask = 2147483647;
			files = (
				7E5D4E7419E33572007E0E88 /* 286.jpg in Resources */,
				7E5D4E5019E30983007E0E88 /* Main.storyboard in Resources */,
				7E5D4E5519E30983007E0E88 /* LaunchScreen.xib in Resources */,
				7E5D4E5219E30983007E0E88 /* Images.xcassets in Resources */,
				7E5D4E7219E32E25007E0E88 /* tweet.json in Resources */,
			);
			runOnlyForDeploymentPostprocessing = 0;
		};
		7E5D4E5819E30983007E0E88 /* Resources */ = {
			isa = PBXResourcesBuildPhase;
			buildActionMask = 2147483647;
			files = (
			);
			runOnlyForDeploymentPostprocessing = 0;
		};
/* End PBXResourcesBuildPhase section */

/* Begin PBXSourcesBuildPhase section */
		7E5D4E3E19E30983007E0E88 /* Sources */ = {
			isa = PBXSourcesBuildPhase;
			buildActionMask = 2147483647;
			files = (
				7E5D4E4819E30983007E0E88 /* AppDelegate.swift in Sources */,
				7E5D4E4B19E30983007E0E88 /* TwitterClone.xcdatamodeld in Sources */,
				7E5D4E6E19E309EC007E0E88 /* HomeTimeLineViewController.swift in Sources */,
				7E5D4E7019E3135F007E0E88 /* Tweet.swift in Sources */,
				7E5D4E7619E33F00007E0E88 /* TimeLineTweetCell.swift in Sources */,
			);
			runOnlyForDeploymentPostprocessing = 0;
		};
		7E5D4E5619E30983007E0E88 /* Sources */ = {
			isa = PBXSourcesBuildPhase;
			buildActionMask = 2147483647;
			files = (
				7E5D4E6119E30983007E0E88 /* TwitterCloneTests.swift in Sources */,
			);
			runOnlyForDeploymentPostprocessing = 0;
		};
/* End PBXSourcesBuildPhase section */

/* Begin PBXTargetDependency section */
		7E5D4E5C19E30983007E0E88 /* PBXTargetDependency */ = {
			isa = PBXTargetDependency;
			target = 7E5D4E4119E30983007E0E88 /* TwitterClone */;
			targetProxy = 7E5D4E5B19E30983007E0E88 /* PBXContainerItemProxy */;
		};
/* End PBXTargetDependency section */

/* Begin PBXVariantGroup section */
		7E5D4E4E19E30983007E0E88 /* Main.storyboard */ = {
			isa = PBXVariantGroup;
			children = (
				7E5D4E4F19E30983007E0E88 /* Base */,
			);
			name = Main.storyboard;
			sourceTree = "<group>";
		};
		7E5D4E5319E30983007E0E88 /* LaunchScreen.xib */ = {
			isa = PBXVariantGroup;
			children = (
				7E5D4E5419E30983007E0E88 /* Base */,
			);
			name = LaunchScreen.xib;
			sourceTree = "<group>";
		};
/* End PBXVariantGroup section */

/* Begin XCBuildConfiguration section */
		7E5D4E6219E30983007E0E88 /* Debug */ = {
			isa = XCBuildConfiguration;
			buildSettings = {
				ALWAYS_SEARCH_USER_PATHS = NO;
				CLANG_CXX_LANGUAGE_STANDARD = "gnu++0x";
				CLANG_CXX_LIBRARY = "libc++";
				CLANG_ENABLE_MODULES = YES;
				CLANG_ENABLE_OBJC_ARC = YES;
				CLANG_WARN_BOOL_CONVERSION = YES;
				CLANG_WARN_CONSTANT_CONVERSION = YES;
				CLANG_WARN_DIRECT_OBJC_ISA_USAGE = YES_ERROR;
				CLANG_WARN_EMPTY_BODY = YES;
				CLANG_WARN_ENUM_CONVERSION = YES;
				CLANG_WARN_INT_CONVERSION = YES;
				CLANG_WARN_OBJC_ROOT_CLASS = YES_ERROR;
				CLANG_WARN_UNREACHABLE_CODE = YES;
				CLANG_WARN__DUPLICATE_METHOD_MATCH = YES;
				"CODE_SIGN_IDENTITY[sdk=iphoneos*]" = "iPhone Developer";
				COPY_PHASE_STRIP = NO;
				ENABLE_STRICT_OBJC_MSGSEND = YES;
				GCC_C_LANGUAGE_STANDARD = gnu99;
				GCC_DYNAMIC_NO_PIC = NO;
				GCC_OPTIMIZATION_LEVEL = 0;
				GCC_PREPROCESSOR_DEFINITIONS = (
					"DEBUG=1",
					"$(inherited)",
				);
				GCC_SYMBOLS_PRIVATE_EXTERN = NO;
				GCC_WARN_64_TO_32_BIT_CONVERSION = YES;
				GCC_WARN_ABOUT_RETURN_TYPE = YES_ERROR;
				GCC_WARN_UNDECLARED_SELECTOR = YES;
				GCC_WARN_UNINITIALIZED_AUTOS = YES_AGGRESSIVE;
				GCC_WARN_UNUSED_FUNCTION = YES;
				GCC_WARN_UNUSED_VARIABLE = YES;
				IPHONEOS_DEPLOYMENT_TARGET = 8.0;
				MTL_ENABLE_DEBUG_INFO = YES;
				ONLY_ACTIVE_ARCH = YES;
				SDKROOT = iphoneos;
				SWIFT_OPTIMIZATION_LEVEL = "-Onone";
				TARGETED_DEVICE_FAMILY = "1,2";
			};
			name = Debug;
		};
		7E5D4E6319E30983007E0E88 /* Release */ = {
			isa = XCBuildConfiguration;
			buildSettings = {
				ALWAYS_SEARCH_USER_PATHS = NO;
				CLANG_CXX_LANGUAGE_STANDARD = "gnu++0x";
				CLANG_CXX_LIBRARY = "libc++";
				CLANG_ENABLE_MODULES = YES;
				CLANG_ENABLE_OBJC_ARC = YES;
				CLANG_WARN_BOOL_CONVERSION = YES;
				CLANG_WARN_CONSTANT_CONVERSION = YES;
				CLANG_WARN_DIRECT_OBJC_ISA_USAGE = YES_ERROR;
				CLANG_WARN_EMPTY_BODY = YES;
				CLANG_WARN_ENUM_CONVERSION = YES;
				CLANG_WARN_INT_CONVERSION = YES;
				CLANG_WARN_OBJC_ROOT_CLASS = YES_ERROR;
				CLANG_WARN_UNREACHABLE_CODE = YES;
				CLANG_WARN__DUPLICATE_METHOD_MATCH = YES;
				"CODE_SIGN_IDENTITY[sdk=iphoneos*]" = "iPhone Developer";
				COPY_PHASE_STRIP = YES;
				ENABLE_NS_ASSERTIONS = NO;
				ENABLE_STRICT_OBJC_MSGSEND = YES;
				GCC_C_LANGUAGE_STANDARD = gnu99;
				GCC_WARN_64_TO_32_BIT_CONVERSION = YES;
				GCC_WARN_ABOUT_RETURN_TYPE = YES_ERROR;
				GCC_WARN_UNDECLARED_SELECTOR = YES;
				GCC_WARN_UNINITIALIZED_AUTOS = YES_AGGRESSIVE;
				GCC_WARN_UNUSED_FUNCTION = YES;
				GCC_WARN_UNUSED_VARIABLE = YES;
				IPHONEOS_DEPLOYMENT_TARGET = 8.0;
				MTL_ENABLE_DEBUG_INFO = NO;
				SDKROOT = iphoneos;
				TARGETED_DEVICE_FAMILY = "1,2";
				VALIDATE_PRODUCT = YES;
			};
			name = Release;
		};
		7E5D4E6519E30983007E0E88 /* Debug */ = {
			isa = XCBuildConfiguration;
			buildSettings = {
				ASSETCATALOG_COMPILER_APPICON_NAME = AppIcon;
				INFOPLIST_FILE = TwitterClone/Info.plist;
				LD_RUNPATH_SEARCH_PATHS = "$(inherited) @executable_path/Frameworks";
				PRODUCT_NAME = "$(TARGET_NAME)";
			};
			name = Debug;
		};
		7E5D4E6619E30983007E0E88 /* Release */ = {
			isa = XCBuildConfiguration;
			buildSettings = {
				ASSETCATALOG_COMPILER_APPICON_NAME = AppIcon;
				INFOPLIST_FILE = TwitterClone/Info.plist;
				LD_RUNPATH_SEARCH_PATHS = "$(inherited) @executable_path/Frameworks";
				PRODUCT_NAME = "$(TARGET_NAME)";
			};
			name = Release;
		};
		7E5D4E6819E30983007E0E88 /* Debug */ = {
			isa = XCBuildConfiguration;
			buildSettings = {
				BUNDLE_LOADER = "$(TEST_HOST)";
				FRAMEWORK_SEARCH_PATHS = (
					"$(SDKROOT)/Developer/Library/Frameworks",
					"$(inherited)",
				);
				GCC_PREPROCESSOR_DEFINITIONS = (
					"DEBUG=1",
					"$(inherited)",
				);
				INFOPLIST_FILE = TwitterCloneTests/Info.plist;
				LD_RUNPATH_SEARCH_PATHS = "$(inherited) @executable_path/Frameworks @loader_path/Frameworks";
				PRODUCT_NAME = "$(TARGET_NAME)";
				TEST_HOST = "$(BUILT_PRODUCTS_DIR)/TwitterClone.app/TwitterClone";
			};
			name = Debug;
		};
		7E5D4E6919E30983007E0E88 /* Release */ = {
			isa = XCBuildConfiguration;
			buildSettings = {
				BUNDLE_LOADER = "$(TEST_HOST)";
				FRAMEWORK_SEARCH_PATHS = (
					"$(SDKROOT)/Developer/Library/Frameworks",
					"$(inherited)",
				);
				INFOPLIST_FILE = TwitterCloneTests/Info.plist;
				LD_RUNPATH_SEARCH_PATHS = "$(inherited) @executable_path/Frameworks @loader_path/Frameworks";
				PRODUCT_NAME = "$(TARGET_NAME)";
				TEST_HOST = "$(BUILT_PRODUCTS_DIR)/TwitterClone.app/TwitterClone";
			};
			name = Release;
		};
/* End XCBuildConfiguration section */

/* Begin XCConfigurationList section */
		7E5D4E3D19E30982007E0E88 /* Build configuration list for PBXProject "TwitterClone" */ = {
			isa = XCConfigurationList;
			buildConfigurations = (
				7E5D4E6219E30983007E0E88 /* Debug */,
				7E5D4E6319E30983007E0E88 /* Release */,
			);
			defaultConfigurationIsVisible = 0;
			defaultConfigurationName = Release;
		};
		7E5D4E6419E30983007E0E88 /* Build configuration list for PBXNativeTarget "TwitterClone" */ = {
			isa = XCConfigurationList;
			buildConfigurations = (
				7E5D4E6519E30983007E0E88 /* Debug */,
				7E5D4E6619E30983007E0E88 /* Release */,
			);
			defaultConfigurationIsVisible = 0;
		};
		7E5D4E6719E30983007E0E88 /* Build configuration list for PBXNativeTarget "TwitterCloneTests" */ = {
			isa = XCConfigurationList;
			buildConfigurations = (
				7E5D4E6819E30983007E0E88 /* Debug */,
				7E5D4E6919E30983007E0E88 /* Release */,
			);
			defaultConfigurationIsVisible = 0;
		};
/* End XCConfigurationList section */

/* Begin XCVersionGroup section */
		7E5D4E4919E30983007E0E88 /* TwitterClone.xcdatamodeld */ = {
			isa = XCVersionGroup;
			children = (
				7E5D4E4A19E30983007E0E88 /* TwitterClone.xcdatamodel */,
			);
			currentVersion = 7E5D4E4A19E30983007E0E88 /* TwitterClone.xcdatamodel */;
			path = TwitterClone.xcdatamodeld;
			sourceTree = "<group>";
			versionGroupType = wrapper.xcdatamodel;
		};
/* End XCVersionGroup section */
	};
	rootObject = 7E5D4E3A19E30982007E0E88 /* Project object */;
}
